{
	"name": "@jbootcaba/inversify",
	"version": "1.0.0",
	"lockfileVersion": 2,
	"requires": true,
	"packages": {
		"": {
			"name": "@jbootcaba/inversify",
			"version": "1.0.0",
			"license": "MIT",
			"dependencies": {
				"inversify": "^6.0.1",
				"inversify-binding-decorators": "^4.0.0",
				"typescript": "^4.8.4"
			}
		},
		"node_modules/inversify": {
			"version": "6.0.1",
			"resolved": "https://registry.npmjs.org/inversify/-/inversify-6.0.1.tgz",
			"integrity": "sha512-B3ex30927698TJENHR++8FfEaJGqoWOgI6ZY5Ht/nLUsFCwHn6akbwtnUAPCgUepAnTpe2qHxhDNjoKLyz6rgQ=="
		},
		"node_modules/inversify-binding-decorators": {
			"version": "4.0.0",
			"resolved": "https://registry.npmjs.org/inversify-binding-decorators/-/inversify-binding-decorators-4.0.0.tgz",
			"integrity": "sha512-r8au/oH3vS7ttHj0RivAznwElySeRohLfg8lvOSzbrX6abf/8ik8ptk49XbzdShgrnalvl7CM6MjcskfM7MMqQ=="
		},
		"node_modules/typescript": {
			"version": "4.8.4",
			"resolved": "https://registry.npmjs.org/typescript/-/typescript-4.8.4.tgz",
			"integrity": "sha512-QCh+85mCy+h0IGff8r5XWzOVSbBO+KfeYrMQh7NJ58QujwcE22u+NUSmUxqF+un70P9GXKxa2HCNiTTMJknyjQ==",
			"bin": {
				"tsc": "bin/tsc",
				"tsserver": "bin/tsserver"
			},
			"engines": {
				"node": ">=4.2.0"
			}
		}
	},
	"dependencies": {
		"inversify": {
			"version": "6.0.1",
			"resolved": "https://registry.npmjs.org/inversify/-/inversify-6.0.1.tgz",
			"integrity": "sha512-B3ex30927698TJENHR++8FfEaJGqoWOgI6ZY5Ht/nLUsFCwHn6akbwtnUAPCgUepAnTpe2qHxhDNjoKLyz6rgQ=="
		},
		"inversify-binding-decorators": {
			"version": "4.0.0",
			"resolved": "https://registry.npmjs.org/inversify-binding-decorators/-/inversify-binding-decorators-4.0.0.tgz",
			"integrity": "sha512-r8au/oH3vS7ttHj0RivAznwElySeRohLfg8lvOSzbrX6abf/8ik8ptk49XbzdShgrnalvl7CM6MjcskfM7MMqQ=="
		},
		"typescript": {
			"version": "4.8.4",
			"resolved": "https://registry.npmjs.org/typescript/-/typescript-4.8.4.tgz",
			"integrity": "sha512-QCh+85mCy+h0IGff8r5XWzOVSbBO+KfeYrMQh7NJ58QujwcE22u+NUSmUxqF+un70P9GXKxa2HCNiTTMJknyjQ=="
		}
	}
}
